
Microsoft Visual Studio Solution File, Format Version 12.00
# Visual Studio Version 16
VisualStudioVersion = 16.0.29503.13
MinimumVisualStudioVersion = 10.0.40219.1
Project("{8BC9CEB8-8B4A-11D0-8D11-00A0C91BC942}") = "aoc_d3_p1_v2", "aoc_d3_p1_v2.vcxproj", "{AFC7D8E0-B0D1-476B-860F-7C6B7C9DF305}"
EndProject
Global
	GlobalSection(SolutionConfigurationPlatforms) = preSolution
		Debug|x64 = Debug|x64
		Debug|x86 = Debug|x86
		Release|x64 = Release|x64
		Release|x86 = Release|x86
	EndGlobalSection
	GlobalSection(ProjectConfigurationPlatforms) = postSolution
		{AFC7D8E0-B0D1-476B-860F-7C6B7C9DF305}.Debug|x64.ActiveCfg = Debug|x64
		{AFC7D8E0-B0D1-476B-860F-7C6B7C9DF305}.Debug|x64.Build.0 = Debug|x64
		{AFC7D8E0-B0D1-476B-860F-7C6B7C9DF305}.Debug|x86.ActiveCfg = Debug|Win32
		{AFC7D8E0-B0D1-476B-860F-7C6B7C9DF305}.Debug|x86.Build.0 = Debug|Win32
		{AFC7D8E0-B0D1-476B-860F-7C6B7C9DF305}.Release|x64.ActiveCfg = Release|x64
		{AFC7D8E0-B0D1-476B-860F-7C6B7C9DF305}.Release|x64.Build.0 = Release|x64
		{AFC7D8E0-B0D1-476B-860F-7C6B7C9DF305}.Release|x86.ActiveCfg = Release|Win32
		{AFC7D8E0-B0D1-476B-860F-7C6B7C9DF305}.Release|x86.Build.0 = Release|Win32
	EndGlobalSection
	GlobalSection(SolutionProperties) = preSolution
		HideSolutionNode = FALSE
	EndGlobalSection
	GlobalSection(ExtensibilityGlobals) = postSolution
		SolutionGuid = {2C0F80E0-937C-442B-ABEE-B28E28904E5E}
	EndGlobalSection
EndGlobal
